
Microsoft Visual Studio Solution File, Format Version 12.00
# Visual Studio 2012
Project("{FAE04EC0-301F-11D3-BF4B-00C04F79EFBC}") = "UriParserTest", "UriParserTest\UriParserTest.csproj", "{A7E1E3F0-E996-4462-B3E4-7DE021EE66CC}"
EndProject
Global
	GlobalSection(SolutionConfigurationPlatforms) = preSolution
		Debug|Any CPU = Debug|Any CPU
		Debug|x86 = Debug|x86
		Release|Any CPU = Release|Any CPU
		Release|x86 = Release|x86
	EndGlobalSection
	GlobalSection(ProjectConfigurationPlatforms) = postSolution
		{A7E1E3F0-E996-4462-B3E4-7DE021EE66CC}.Debug|Any CPU.ActiveCfg = Debug|Any CPU
		{A7E1E3F0-E996-4462-B3E4-7DE021EE66CC}.Debug|Any CPU.Build.0 = Debug|Any CPU
		{A7E1E3F0-E996-4462-B3E4-7DE021EE66CC}.Debug|x86.ActiveCfg = Debug|x86
		{A7E1E3F0-E996-4462-B3E4-7DE021EE66CC}.Debug|x86.Build.0 = Debug|x86
		{A7E1E3F0-E996-4462-B3E4-7DE021EE66CC}.Release|Any CPU.ActiveCfg = Release|Any CPU
		{A7E1E3F0-E996-4462-B3E4-7DE021EE66CC}.Release|Any CPU.Build.0 = Release|Any CPU
		{A7E1E3F0-E996-4462-B3E4-7DE021EE66CC}.Release|x86.ActiveCfg = Release|x86
		{A7E1E3F0-E996-4462-B3E4-7DE021EE66CC}.Release|x86.Build.0 = Release|x86
	EndGlobalSection
	GlobalSection(SolutionProperties) = preSolution
		HideSolutionNode = FALSE
	EndGlobalSection
EndGlobal
